// !$*UTF8*$!
{
	archiveVersion = 1;
	classes = {
	};
	objectVersion = 55;
	objects = {

/* Begin PBXBuildFile section */
		591CB0A1271D63FF00959E96 /* Assets.xcassets in Resources */ = {isa = PBXBuildFile; fileRef = 591CB0A0271D63FF00959E96 /* Assets.xcassets */; };
		591CB0A7271D63FF00959E96 /* WatchOS WatchKit Extension.appex in Embed App Extensions */ = {isa = PBXBuildFile; fileRef = 591CB0A6271D63FF00959E96 /* WatchOS WatchKit Extension.appex */; settings = {ATTRIBUTES = (RemoveHeadersOnCopy, ); }; };
		591CB0AC271D63FF00959E96 /* ContentView.swift in Sources */ = {isa = PBXBuildFile; fileRef = 591CB0AB271D63FF00959E96 /* ContentView.swift */; };
		591CB0AE271D63FF00959E96 /* TestMultiApp.swift in Sources */ = {isa = PBXBuildFile; fileRef = 591CB0AD271D63FF00959E96 /* TestMultiApp.swift */; };
		591CB0B0271D63FF00959E96 /* ComplicationController.swift in Sources */ = {isa = PBXBuildFile; fileRef = 591CB0AF271D63FF00959E96 /* ComplicationController.swift */; };
		591CB0B2271D640000959E96 /* Assets.xcassets in Resources */ = {isa = PBXBuildFile; fileRef = 591CB0B1271D640000959E96 /* Assets.xcassets */; };
		591CB0B5271D640000959E96 /* Preview Assets.xcassets in Resources */ = {isa = PBXBuildFile; fileRef = 591CB0B4271D640000959E96 /* Preview Assets.xcassets */; };
		591CB0B9271D640000959E96 /* WatchOS.app in Embed Watch Content */ = {isa = PBXBuildFile; fileRef = 591CB09E271D63FC00959E96 /* WatchOS.app */; settings = {ATTRIBUTES = (RemoveHeadersOnCopy, ); }; };
		591CB0C2271D64F100959E96 /* EarthImageEntity.swift in Sources */ = {isa = PBXBuildFile; fileRef = 59A2EB1D271472F1002FFA16 /* EarthImageEntity.swift */; };
		591CB0C3271D64FE00959E96 /* DateExtension.swift in Sources */ = {isa = PBXBuildFile; fileRef = 59A2EB06271472F1002FFA16 /* DateExtension.swift */; };
		591CB0C4271D650100959E96 /* ImageService.swift in Sources */ = {isa = PBXBuildFile; fileRef = 59A2EB08271472F1002FFA16 /* ImageService.swift */; };
		591CB0C5271D650300959E96 /* DataService.swift in Sources */ = {isa = PBXBuildFile; fileRef = 59A2EB09271472F1002FFA16 /* DataService.swift */; };
		591CB0C6271D651C00959E96 /* ListModel.swift in Sources */ = {isa = PBXBuildFile; fileRef = 59A2EB0E271472F1002FFA16 /* ListModel.swift */; };
		591CB0C7271D658800959E96 /* PhotoCell.swift in Sources */ = {isa = PBXBuildFile; fileRef = 59A2EB19271472F1002FFA16 /* PhotoCell.swift */; };
		591CB0C8271D65A900959E96 /* DetailScreen.swift in Sources */ = {isa = PBXBuildFile; fileRef = 59A2EB11271472F1002FFA16 /* DetailScreen.swift */; };
		591CB0C9271D65AB00959E96 /* DetailModel.swift in Sources */ = {isa = PBXBuildFile; fileRef = 59A2EB12271472F1002FFA16 /* DetailModel.swift */; };
		591CB0CA271D65BC00959E96 /* Routing.swift in Sources */ = {isa = PBXBuildFile; fileRef = 59A2EB14271472F1002FFA16 /* Routing.swift */; };
		597F9B3E2714666500775F34 /* Tests_iOS.swift in Sources */ = {isa = PBXBuildFile; fileRef = 597F9B3D2714666500775F34 /* Tests_iOS.swift */; };
		597F9B402714666500775F34 /* Tests_iOSLaunchTests.swift in Sources */ = {isa = PBXBuildFile; fileRef = 597F9B3F2714666500775F34 /* Tests_iOSLaunchTests.swift */; };
		597F9B4A2714666500775F34 /* Tests_macOS.swift in Sources */ = {isa = PBXBuildFile; fileRef = 597F9B492714666500775F34 /* Tests_macOS.swift */; };
		597F9B4C2714666500775F34 /* Tests_macOSLaunchTests.swift in Sources */ = {isa = PBXBuildFile; fileRef = 597F9B4B2714666500775F34 /* Tests_macOSLaunchTests.swift */; };
		597F9B4D2714666500775F34 /* TestMultiApp.swift in Sources */ = {isa = PBXBuildFile; fileRef = 597F9B252714666200775F34 /* TestMultiApp.swift */; };
		597F9B4E2714666500775F34 /* TestMultiApp.swift in Sources */ = {isa = PBXBuildFile; fileRef = 597F9B252714666200775F34 /* TestMultiApp.swift */; };
		597F9B512714666500775F34 /* Assets.xcassets in Resources */ = {isa = PBXBuildFile; fileRef = 597F9B272714666500775F34 /* Assets.xcassets */; };
		597F9B522714666500775F34 /* Assets.xcassets in Resources */ = {isa = PBXBuildFile; fileRef = 597F9B272714666500775F34 /* Assets.xcassets */; };
		597F9B682714670100775F34 /* TestMulti_tvOSApp.swift in Sources */ = {isa = PBXBuildFile; fileRef = 597F9B672714670100775F34 /* TestMulti_tvOSApp.swift */; };
		597F9B6C2714670300775F34 /* Assets.xcassets in Resources */ = {isa = PBXBuildFile; fileRef = 597F9B6B2714670300775F34 /* Assets.xcassets */; };
		597F9B6F2714670300775F34 /* Preview Assets.xcassets in Resources */ = {isa = PBXBuildFile; fileRef = 597F9B6E2714670300775F34 /* Preview Assets.xcassets */; };
		597F9B792714670300775F34 /* TestMulti_tvOSTests.swift in Sources */ = {isa = PBXBuildFile; fileRef = 597F9B782714670300775F34 /* TestMulti_tvOSTests.swift */; };
		597F9B832714670300775F34 /* TestMulti_tvOSUITests.swift in Sources */ = {isa = PBXBuildFile; fileRef = 597F9B822714670300775F34 /* TestMulti_tvOSUITests.swift */; };
		597F9B852714670300775F34 /* TestMulti_tvOSUITestsLaunchTests.swift in Sources */ = {isa = PBXBuildFile; fileRef = 597F9B842714670300775F34 /* TestMulti_tvOSUITestsLaunchTests.swift */; };
		59A2EB1E271472F1002FFA16 /* UIImageExtension.swift in Sources */ = {isa = PBXBuildFile; fileRef = 59A2EB05271472F1002FFA16 /* UIImageExtension.swift */; };
		59A2EB1F271472F1002FFA16 /* UIImageExtension.swift in Sources */ = {isa = PBXBuildFile; fileRef = 59A2EB05271472F1002FFA16 /* UIImageExtension.swift */; };
		59A2EB20271472F1002FFA16 /* UIImageExtension.swift in Sources */ = {isa = PBXBuildFile; fileRef = 59A2EB05271472F1002FFA16 /* UIImageExtension.swift */; };
		59A2EB21271472F1002FFA16 /* DateExtension.swift in Sources */ = {isa = PBXBuildFile; fileRef = 59A2EB06271472F1002FFA16 /* DateExtension.swift */; };
		59A2EB22271472F1002FFA16 /* DateExtension.swift in Sources */ = {isa = PBXBuildFile; fileRef = 59A2EB06271472F1002FFA16 /* DateExtension.swift */; };
		59A2EB23271472F1002FFA16 /* DateExtension.swift in Sources */ = {isa = PBXBuildFile; fileRef = 59A2EB06271472F1002FFA16 /* DateExtension.swift */; };
		59A2EB24271472F1002FFA16 /* ImageService.swift in Sources */ = {isa = PBXBuildFile; fileRef = 59A2EB08271472F1002FFA16 /* ImageService.swift */; };
		59A2EB25271472F1002FFA16 /* ImageService.swift in Sources */ = {isa = PBXBuildFile; fileRef = 59A2EB08271472F1002FFA16 /* ImageService.swift */; };
		59A2EB26271472F1002FFA16 /* ImageService.swift in Sources */ = {isa = PBXBuildFile; fileRef = 59A2EB08271472F1002FFA16 /* ImageService.swift */; };
		59A2EB27271472F1002FFA16 /* DataService.swift in Sources */ = {isa = PBXBuildFile; fileRef = 59A2EB09271472F1002FFA16 /* DataService.swift */; };
		59A2EB28271472F1002FFA16 /* DataService.swift in Sources */ = {isa = PBXBuildFile; fileRef = 59A2EB09271472F1002FFA16 /* DataService.swift */; };
		59A2EB29271472F1002FFA16 /* DataService.swift in Sources */ = {isa = PBXBuildFile; fileRef = 59A2EB09271472F1002FFA16 /* DataService.swift */; };
		59A2EB2A271472F1002FFA16 /* TitleScreen.swift in Sources */ = {isa = PBXBuildFile; fileRef = 59A2EB0C271472F1002FFA16 /* TitleScreen.swift */; };
		59A2EB2B271472F1002FFA16 /* TitleScreen.swift in Sources */ = {isa = PBXBuildFile; fileRef = 59A2EB0C271472F1002FFA16 /* TitleScreen.swift */; };
		59A2EB2C271472F1002FFA16 /* TitleScreen.swift in Sources */ = {isa = PBXBuildFile; fileRef = 59A2EB0C271472F1002FFA16 /* TitleScreen.swift */; };
		59A2EB2D271472F1002FFA16 /* ListModel.swift in Sources */ = {isa = PBXBuildFile; fileRef = 59A2EB0E271472F1002FFA16 /* ListModel.swift */; };
		59A2EB2E271472F1002FFA16 /* ListModel.swift in Sources */ = {isa = PBXBuildFile; fileRef = 59A2EB0E271472F1002FFA16 /* ListModel.swift */; };
		59A2EB2F271472F1002FFA16 /* ListModel.swift in Sources */ = {isa = PBXBuildFile; fileRef = 59A2EB0E271472F1002FFA16 /* ListModel.swift */; };
		59A2EB30271472F1002FFA16 /* ListScreen.swift in Sources */ = {isa = PBXBuildFile; fileRef = 59A2EB0F271472F1002FFA16 /* ListScreen.swift */; };
		59A2EB31271472F1002FFA16 /* ListScreen.swift in Sources */ = {isa = PBXBuildFile; fileRef = 59A2EB0F271472F1002FFA16 /* ListScreen.swift */; };
		59A2EB32271472F1002FFA16 /* ListScreen.swift in Sources */ = {isa = PBXBuildFile; fileRef = 59A2EB0F271472F1002FFA16 /* ListScreen.swift */; };
		59A2EB33271472F1002FFA16 /* DetailScreen.swift in Sources */ = {isa = PBXBuildFile; fileRef = 59A2EB11271472F1002FFA16 /* DetailScreen.swift */; };
		59A2EB34271472F1002FFA16 /* DetailScreen.swift in Sources */ = {isa = PBXBuildFile; fileRef = 59A2EB11271472F1002FFA16 /* DetailScreen.swift */; };
		59A2EB35271472F1002FFA16 /* DetailScreen.swift in Sources */ = {isa = PBXBuildFile; fileRef = 59A2EB11271472F1002FFA16 /* DetailScreen.swift */; };
		59A2EB36271472F2002FFA16 /* DetailModel.swift in Sources */ = {isa = PBXBuildFile; fileRef = 59A2EB12271472F1002FFA16 /* DetailModel.swift */; };
		59A2EB37271472F2002FFA16 /* DetailModel.swift in Sources */ = {isa = PBXBuildFile; fileRef = 59A2EB12271472F1002FFA16 /* DetailModel.swift */; };
		59A2EB38271472F2002FFA16 /* DetailModel.swift in Sources */ = {isa = PBXBuildFile; fileRef = 59A2EB12271472F1002FFA16 /* DetailModel.swift */; };
		59A2EB39271472F2002FFA16 /* Routing.swift in Sources */ = {isa = PBXBuildFile; fileRef = 59A2EB14271472F1002FFA16 /* Routing.swift */; };
		59A2EB3A271472F2002FFA16 /* Routing.swift in Sources */ = {isa = PBXBuildFile; fileRef = 59A2EB14271472F1002FFA16 /* Routing.swift */; };
		59A2EB3B271472F2002FFA16 /* Routing.swift in Sources */ = {isa = PBXBuildFile; fileRef = 59A2EB14271472F1002FFA16 /* Routing.swift */; };
		59A2EB3C271472F2002FFA16 /* ContentView.swift in Sources */ = {isa = PBXBuildFile; fileRef = 59A2EB15271472F1002FFA16 /* ContentView.swift */; };
		59A2EB3D271472F2002FFA16 /* ContentView.swift in Sources */ = {isa = PBXBuildFile; fileRef = 59A2EB15271472F1002FFA16 /* ContentView.swift */; };
		59A2EB3E271472F2002FFA16 /* ContentView.swift in Sources */ = {isa = PBXBuildFile; fileRef = 59A2EB15271472F1002FFA16 /* ContentView.swift */; };
		59A2EB3F271472F2002FFA16 /* ModalScreen.swift in Sources */ = {isa = PBXBuildFile; fileRef = 59A2EB17271472F1002FFA16 /* ModalScreen.swift */; };
		59A2EB40271472F2002FFA16 /* ModalScreen.swift in Sources */ = {isa = PBXBuildFile; fileRef = 59A2EB17271472F1002FFA16 /* ModalScreen.swift */; };
		59A2EB41271472F2002FFA16 /* ModalScreen.swift in Sources */ = {isa = PBXBuildFile; fileRef = 59A2EB17271472F1002FFA16 /* ModalScreen.swift */; };
		59A2EB42271472F2002FFA16 /* PhotoCell.swift in Sources */ = {isa = PBXBuildFile; fileRef = 59A2EB19271472F1002FFA16 /* PhotoCell.swift */; };
		59A2EB43271472F2002FFA16 /* PhotoCell.swift in Sources */ = {isa = PBXBuildFile; fileRef = 59A2EB19271472F1002FFA16 /* PhotoCell.swift */; };
		59A2EB44271472F2002FFA16 /* PhotoCell.swift in Sources */ = {isa = PBXBuildFile; fileRef = 59A2EB19271472F1002FFA16 /* PhotoCell.swift */; };
		59A2EB45271472F2002FFA16 /* ModalView.swift in Sources */ = {isa = PBXBuildFile; fileRef = 59A2EB1A271472F1002FFA16 /* ModalView.swift */; };
		59A2EB46271472F2002FFA16 /* ModalView.swift in Sources */ = {isa = PBXBuildFile; fileRef = 59A2EB1A271472F1002FFA16 /* ModalView.swift */; };
		59A2EB47271472F2002FFA16 /* ModalView.swift in Sources */ = {isa = PBXBuildFile; fileRef = 59A2EB1A271472F1002FFA16 /* ModalView.swift */; };
		59A2EB48271472F2002FFA16 /* ResizableImageView.swift in Sources */ = {isa = PBXBuildFile; fileRef = 59A2EB1B271472F1002FFA16 /* ResizableImageView.swift */; };
		59A2EB49271472F2002FFA16 /* ResizableImageView.swift in Sources */ = {isa = PBXBuildFile; fileRef = 59A2EB1B271472F1002FFA16 /* ResizableImageView.swift */; };
		59A2EB4A271472F2002FFA16 /* ResizableImageView.swift in Sources */ = {isa = PBXBuildFile; fileRef = 59A2EB1B271472F1002FFA16 /* ResizableImageView.swift */; };
		59A2EB4B271472F2002FFA16 /* EarthImageEntity.swift in Sources */ = {isa = PBXBuildFile; fileRef = 59A2EB1D271472F1002FFA16 /* EarthImageEntity.swift */; };
		59A2EB4C271472F2002FFA16 /* EarthImageEntity.swift in Sources */ = {isa = PBXBuildFile; fileRef = 59A2EB1D271472F1002FFA16 /* EarthImageEntity.swift */; };
		59A2EB4D271472F2002FFA16 /* EarthImageEntity.swift in Sources */ = {isa = PBXBuildFile; fileRef = 59A2EB1D271472F1002FFA16 /* EarthImageEntity.swift */; };
/* End PBXBuildFile section */

/* Begin PBXContainerItemProxy section */
		591CB0A8271D63FF00959E96 /* PBXContainerItemProxy */ = {
			isa = PBXContainerItemProxy;
			containerPortal = 597F9B202714666200775F34 /* Project object */;
			proxyType = 1;
			remoteGlobalIDString = 591CB0A5271D63FF00959E96;
			remoteInfo = "WatchOS WatchKit Extension";
		};
		591CB0B7271D640000959E96 /* PBXContainerItemProxy */ = {
			isa = PBXContainerItemProxy;
			containerPortal = 597F9B202714666200775F34 /* Project object */;
			proxyType = 1;
			remoteGlobalIDString = 591CB09D271D63FC00959E96;
			remoteInfo = WatchOS;
		};
		597F9B3A2714666500775F34 /* PBXContainerItemProxy */ = {
			isa = PBXContainerItemProxy;
			containerPortal = 597F9B202714666200775F34 /* Project object */;
			proxyType = 1;
			remoteGlobalIDString = 597F9B2B2714666500775F34;
			remoteInfo = "TestMulti (iOS)";
		};
		597F9B462714666500775F34 /* PBXContainerItemProxy */ = {
			isa = PBXContainerItemProxy;
			containerPortal = 597F9B202714666200775F34 /* Project object */;
			proxyType = 1;
			remoteGlobalIDString = 597F9B312714666500775F34;
			remoteInfo = "TestMulti (macOS)";
		};
		597F9B752714670300775F34 /* PBXContainerItemProxy */ = {
			isa = PBXContainerItemProxy;
			containerPortal = 597F9B202714666200775F34 /* Project object */;
			proxyType = 1;
			remoteGlobalIDString = 597F9B642714670100775F34;
			remoteInfo = TestMulti_tvOS;
		};
		597F9B7F2714670300775F34 /* PBXContainerItemProxy */ = {
			isa = PBXContainerItemProxy;
			containerPortal = 597F9B202714666200775F34 /* Project object */;
			proxyType = 1;
			remoteGlobalIDString = 597F9B642714670100775F34;
			remoteInfo = TestMulti_tvOS;
		};
/* End PBXContainerItemProxy section */

/* Begin PBXCopyFilesBuildPhase section */
		591CB0BD271D640000959E96 /* Embed App Extensions */ = {
			isa = PBXCopyFilesBuildPhase;
			buildActionMask = 2147483647;
			dstPath = "";
			dstSubfolderSpec = 13;
			files = (
				591CB0A7271D63FF00959E96 /* WatchOS WatchKit Extension.appex in Embed App Extensions */,
			);
			name = "Embed App Extensions";
			runOnlyForDeploymentPostprocessing = 0;
		};
		591CB0C1271D640000959E96 /* Embed Watch Content */ = {
			isa = PBXCopyFilesBuildPhase;
			buildActionMask = 2147483647;
			dstPath = "$(CONTENTS_FOLDER_PATH)/Watch";
			dstSubfolderSpec = 16;
			files = (
				591CB0B9271D640000959E96 /* WatchOS.app in Embed Watch Content */,
			);
			name = "Embed Watch Content";
			runOnlyForDeploymentPostprocessing = 0;
		};
/* End PBXCopyFilesBuildPhase section */

/* Begin PBXFileReference section */
		591CB09B271D5DD100959E96 /* TestMulti (iOS).entitlements */ = {isa = PBXFileReference; lastKnownFileType = text.plist.entitlements; path = "TestMulti (iOS).entitlements"; sourceTree = "<group>"; };
		591CB09E271D63FC00959E96 /* WatchOS.app */ = {isa = PBXFileReference; explicitFileType = wrapper.application; includeInIndex = 0; path = WatchOS.app; sourceTree = BUILT_PRODUCTS_DIR; };
		591CB0A0271D63FF00959E96 /* Assets.xcassets */ = {isa = PBXFileReference; lastKnownFileType = folder.assetcatalog; path = Assets.xcassets; sourceTree = "<group>"; };
		591CB0A6271D63FF00959E96 /* WatchOS WatchKit Extension.appex */ = {isa = PBXFileReference; explicitFileType = "wrapper.app-extension"; includeInIndex = 0; path = "WatchOS WatchKit Extension.appex"; sourceTree = BUILT_PRODUCTS_DIR; };
		591CB0AB271D63FF00959E96 /* ContentView.swift */ = {isa = PBXFileReference; lastKnownFileType = sourcecode.swift; path = ContentView.swift; sourceTree = "<group>"; };
		591CB0AD271D63FF00959E96 /* TestMultiApp.swift */ = {isa = PBXFileReference; lastKnownFileType = sourcecode.swift; path = TestMultiApp.swift; sourceTree = "<group>"; };
		591CB0AF271D63FF00959E96 /* ComplicationController.swift */ = {isa = PBXFileReference; lastKnownFileType = sourcecode.swift; path = ComplicationController.swift; sourceTree = "<group>"; };
		591CB0B1271D640000959E96 /* Assets.xcassets */ = {isa = PBXFileReference; lastKnownFileType = folder.assetcatalog; path = Assets.xcassets; sourceTree = "<group>"; };
		591CB0B4271D640000959E96 /* Preview Assets.xcassets */ = {isa = PBXFileReference; lastKnownFileType = folder.assetcatalog; path = "Preview Assets.xcassets"; sourceTree = "<group>"; };
		591CB0B6271D640000959E96 /* Info.plist */ = {isa = PBXFileReference; lastKnownFileType = text.plist.xml; path = Info.plist; sourceTree = "<group>"; };
		597F9B252714666200775F34 /* TestMultiApp.swift */ = {isa = PBXFileReference; lastKnownFileType = sourcecode.swift; path = TestMultiApp.swift; sourceTree = "<group>"; };
		597F9B272714666500775F34 /* Assets.xcassets */ = {isa = PBXFileReference; lastKnownFileType = folder.assetcatalog; path = Assets.xcassets; sourceTree = "<group>"; };
		597F9B2C2714666500775F34 /* TestMulti.app */ = {isa = PBXFileReference; explicitFileType = wrapper.application; includeInIndex = 0; path = TestMulti.app; sourceTree = BUILT_PRODUCTS_DIR; };
		597F9B322714666500775F34 /* TestMulti.app */ = {isa = PBXFileReference; explicitFileType = wrapper.application; includeInIndex = 0; path = TestMulti.app; sourceTree = BUILT_PRODUCTS_DIR; };
		597F9B342714666500775F34 /* macOS.entitlements */ = {isa = PBXFileReference; lastKnownFileType = text.plist.entitlements; path = macOS.entitlements; sourceTree = "<group>"; };
		597F9B392714666500775F34 /* Tests iOS.xctest */ = {isa = PBXFileReference; explicitFileType = wrapper.cfbundle; includeInIndex = 0; path = "Tests iOS.xctest"; sourceTree = BUILT_PRODUCTS_DIR; };
		597F9B3D2714666500775F34 /* Tests_iOS.swift */ = {isa = PBXFileReference; lastKnownFileType = sourcecode.swift; path = Tests_iOS.swift; sourceTree = "<group>"; };
		597F9B3F2714666500775F34 /* Tests_iOSLaunchTests.swift */ = {isa = PBXFileReference; lastKnownFileType = sourcecode.swift; path = Tests_iOSLaunchTests.swift; sourceTree = "<group>"; };
		597F9B452714666500775F34 /* Tests macOS.xctest */ = {isa = PBXFileReference; explicitFileType = wrapper.cfbundle; includeInIndex = 0; path = "Tests macOS.xctest"; sourceTree = BUILT_PRODUCTS_DIR; };
		597F9B492714666500775F34 /* Tests_macOS.swift */ = {isa = PBXFileReference; lastKnownFileType = sourcecode.swift; path = Tests_macOS.swift; sourceTree = "<group>"; };
		597F9B4B2714666500775F34 /* Tests_macOSLaunchTests.swift */ = {isa = PBXFileReference; lastKnownFileType = sourcecode.swift; path = Tests_macOSLaunchTests.swift; sourceTree = "<group>"; };
		597F9B652714670100775F34 /* TestMulti_tvOS.app */ = {isa = PBXFileReference; explicitFileType = wrapper.application; includeInIndex = 0; path = TestMulti_tvOS.app; sourceTree = BUILT_PRODUCTS_DIR; };
		597F9B672714670100775F34 /* TestMulti_tvOSApp.swift */ = {isa = PBXFileReference; lastKnownFileType = sourcecode.swift; path = TestMulti_tvOSApp.swift; sourceTree = "<group>"; };
		597F9B6B2714670300775F34 /* Assets.xcassets */ = {isa = PBXFileReference; lastKnownFileType = folder.assetcatalog; path = Assets.xcassets; sourceTree = "<group>"; };
		597F9B6E2714670300775F34 /* Preview Assets.xcassets */ = {isa = PBXFileReference; lastKnownFileType = folder.assetcatalog; path = "Preview Assets.xcassets"; sourceTree = "<group>"; };
		597F9B742714670300775F34 /* TestMulti_tvOSTests.xctest */ = {isa = PBXFileReference; explicitFileType = wrapper.cfbundle; includeInIndex = 0; path = TestMulti_tvOSTests.xctest; sourceTree = BUILT_PRODUCTS_DIR; };
		597F9B782714670300775F34 /* TestMulti_tvOSTests.swift */ = {isa = PBXFileReference; lastKnownFileType = sourcecode.swift; path = TestMulti_tvOSTests.swift; sourceTree = "<group>"; };
		597F9B7E2714670300775F34 /* TestMulti_tvOSUITests.xctest */ = {isa = PBXFileReference; explicitFileType = wrapper.cfbundle; includeInIndex = 0; path = TestMulti_tvOSUITests.xctest; sourceTree = BUILT_PRODUCTS_DIR; };
		597F9B822714670300775F34 /* TestMulti_tvOSUITests.swift */ = {isa = PBXFileReference; lastKnownFileType = sourcecode.swift; path = TestMulti_tvOSUITests.swift; sourceTree = "<group>"; };
		597F9B842714670300775F34 /* TestMulti_tvOSUITestsLaunchTests.swift */ = {isa = PBXFileReference; lastKnownFileType = sourcecode.swift; path = TestMulti_tvOSUITestsLaunchTests.swift; sourceTree = "<group>"; };
		59A2EB05271472F1002FFA16 /* UIImageExtension.swift */ = {isa = PBXFileReference; fileEncoding = 4; lastKnownFileType = sourcecode.swift; path = UIImageExtension.swift; sourceTree = "<group>"; };
		59A2EB06271472F1002FFA16 /* DateExtension.swift */ = {isa = PBXFileReference; fileEncoding = 4; lastKnownFileType = sourcecode.swift; path = DateExtension.swift; sourceTree = "<group>"; };
		59A2EB08271472F1002FFA16 /* ImageService.swift */ = {isa = PBXFileReference; fileEncoding = 4; lastKnownFileType = sourcecode.swift; path = ImageService.swift; sourceTree = "<group>"; };
		59A2EB09271472F1002FFA16 /* DataService.swift */ = {isa = PBXFileReference; fileEncoding = 4; lastKnownFileType = sourcecode.swift; path = DataService.swift; sourceTree = "<group>"; };
		59A2EB0C271472F1002FFA16 /* TitleScreen.swift */ = {isa = PBXFileReference; fileEncoding = 4; lastKnownFileType = sourcecode.swift; path = TitleScreen.swift; sourceTree = "<group>"; };
		59A2EB0E271472F1002FFA16 /* ListModel.swift */ = {isa = PBXFileReference; fileEncoding = 4; lastKnownFileType = sourcecode.swift; path = ListModel.swift; sourceTree = "<group>"; };
		59A2EB0F271472F1002FFA16 /* ListScreen.swift */ = {isa = PBXFileReference; fileEncoding = 4; lastKnownFileType = sourcecode.swift; path = ListScreen.swift; sourceTree = "<group>"; };
		59A2EB11271472F1002FFA16 /* DetailScreen.swift */ = {isa = PBXFileReference; fileEncoding = 4; lastKnownFileType = sourcecode.swift; path = DetailScreen.swift; sourceTree = "<group>"; };
		59A2EB12271472F1002FFA16 /* DetailModel.swift */ = {isa = PBXFileReference; fileEncoding = 4; lastKnownFileType = sourcecode.swift; path = DetailModel.swift; sourceTree = "<group>"; };
		59A2EB14271472F1002FFA16 /* Routing.swift */ = {isa = PBXFileReference; fileEncoding = 4; lastKnownFileType = sourcecode.swift; path = Routing.swift; sourceTree = "<group>"; };
		59A2EB15271472F1002FFA16 /* ContentView.swift */ = {isa = PBXFileReference; fileEncoding = 4; lastKnownFileType = sourcecode.swift; path = ContentView.swift; sourceTree = "<group>"; };
		59A2EB17271472F1002FFA16 /* ModalScreen.swift */ = {isa = PBXFileReference; fileEncoding = 4; lastKnownFileType = sourcecode.swift; path = ModalScreen.swift; sourceTree = "<group>"; };
		59A2EB19271472F1002FFA16 /* PhotoCell.swift */ = {isa = PBXFileReference; fileEncoding = 4; lastKnownFileType = sourcecode.swift; path = PhotoCell.swift; sourceTree = "<group>"; };
		59A2EB1A271472F1002FFA16 /* ModalView.swift */ = {isa = PBXFileReference; fileEncoding = 4; lastKnownFileType = sourcecode.swift; path = ModalView.swift; sourceTree = "<group>"; };
		59A2EB1B271472F1002FFA16 /* ResizableImageView.swift */ = {isa = PBXFileReference; fileEncoding = 4; lastKnownFileType = sourcecode.swift; path = ResizableImageView.swift; sourceTree = "<group>"; };
		59A2EB1D271472F1002FFA16 /* EarthImageEntity.swift */ = {isa = PBXFileReference; fileEncoding = 4; lastKnownFileType = sourcecode.swift; path = EarthImageEntity.swift; sourceTree = "<group>"; };
/* End PBXFileReference section */

/* Begin PBXFrameworksBuildPhase section */
		591CB0A3271D63FF00959E96 /* Frameworks */ = {
			isa = PBXFrameworksBuildPhase;
			buildActionMask = 2147483647;
			files = (
			);
			runOnlyForDeploymentPostprocessing = 0;
		};
		597F9B292714666500775F34 /* Frameworks */ = {
			isa = PBXFrameworksBuildPhase;
			buildActionMask = 2147483647;
			files = (
			);
			runOnlyForDeploymentPostprocessing = 0;
		};
		597F9B2F2714666500775F34 /* Frameworks */ = {
			isa = PBXFrameworksBuildPhase;
			buildActionMask = 2147483647;
			files = (
			);
			runOnlyForDeploymentPostprocessing = 0;
		};
		597F9B362714666500775F34 /* Frameworks */ = {
			isa = PBXFrameworksBuildPhase;
			buildActionMask = 2147483647;
			files = (
			);
			runOnlyForDeploymentPostprocessing = 0;
		};
		597F9B422714666500775F34 /* Frameworks */ = {
			isa = PBXFrameworksBuildPhase;
			buildActionMask = 2147483647;
			files = (
			);
			runOnlyForDeploymentPostprocessing = 0;
		};
		597F9B622714670100775F34 /* Frameworks */ = {
			isa = PBXFrameworksBuildPhase;
			buildActionMask = 2147483647;
			files = (
			);
			runOnlyForDeploymentPostprocessing = 0;
		};
		597F9B712714670300775F34 /* Frameworks */ = {
			isa = PBXFrameworksBuildPhase;
			buildActionMask = 2147483647;
			files = (
			);
			runOnlyForDeploymentPostprocessing = 0;
		};
		597F9B7B2714670300775F34 /* Frameworks */ = {
			isa = PBXFrameworksBuildPhase;
			buildActionMask = 2147483647;
			files = (
			);
			runOnlyForDeploymentPostprocessing = 0;
		};
/* End PBXFrameworksBuildPhase section */

/* Begin PBXGroup section */
		591CB09F271D63FC00959E96 /* WatchOS */ = {
			isa = PBXGroup;
			children = (
				591CB0A0271D63FF00959E96 /* Assets.xcassets */,
			);
			path = WatchOS;
			sourceTree = "<group>";
		};
		591CB0AA271D63FF00959E96 /* WatchOS WatchKit Extension */ = {
			isa = PBXGroup;
			children = (
				591CB0AB271D63FF00959E96 /* ContentView.swift */,
				591CB0AD271D63FF00959E96 /* TestMultiApp.swift */,
				591CB0AF271D63FF00959E96 /* ComplicationController.swift */,
				591CB0B1271D640000959E96 /* Assets.xcassets */,
				591CB0B6271D640000959E96 /* Info.plist */,
				591CB0B3271D640000959E96 /* Preview Content */,
			);
			path = "WatchOS WatchKit Extension";
			sourceTree = "<group>";
		};
		591CB0B3271D640000959E96 /* Preview Content */ = {
			isa = PBXGroup;
			children = (
				591CB0B4271D640000959E96 /* Preview Assets.xcassets */,
			);
			path = "Preview Content";
			sourceTree = "<group>";
		};
		597F9B1F2714666200775F34 = {
			isa = PBXGroup;
			children = (
				591CB09B271D5DD100959E96 /* TestMulti (iOS).entitlements */,
				597F9B242714666200775F34 /* Shared */,
				597F9B332714666500775F34 /* macOS */,
				597F9B3C2714666500775F34 /* Tests iOS */,
				597F9B482714666500775F34 /* Tests macOS */,
				597F9B662714670100775F34 /* TestMulti_tvOS */,
				597F9B772714670300775F34 /* TestMulti_tvOSTests */,
				597F9B812714670300775F34 /* TestMulti_tvOSUITests */,
				591CB09F271D63FC00959E96 /* WatchOS */,
				591CB0AA271D63FF00959E96 /* WatchOS WatchKit Extension */,
				597F9B2D2714666500775F34 /* Products */,
			);
			sourceTree = "<group>";
		};
		597F9B242714666200775F34 /* Shared */ = {
			isa = PBXGroup;
			children = (
				59A2EB1C271472F1002FFA16 /* Entities */,
				59A2EB04271472F1002FFA16 /* Extensions */,
				59A2EB07271472F1002FFA16 /* Services */,
				59A2EB0A271472F1002FFA16 /* UI */,
				597F9B252714666200775F34 /* TestMultiApp.swift */,
				597F9B272714666500775F34 /* Assets.xcassets */,
			);
			path = Shared;
			sourceTree = "<group>";
		};
		597F9B2D2714666500775F34 /* Products */ = {
			isa = PBXGroup;
			children = (
				597F9B2C2714666500775F34 /* TestMulti.app */,
				597F9B322714666500775F34 /* TestMulti.app */,
				597F9B392714666500775F34 /* Tests iOS.xctest */,
				597F9B452714666500775F34 /* Tests macOS.xctest */,
				597F9B652714670100775F34 /* TestMulti_tvOS.app */,
				597F9B742714670300775F34 /* TestMulti_tvOSTests.xctest */,
				597F9B7E2714670300775F34 /* TestMulti_tvOSUITests.xctest */,
				591CB09E271D63FC00959E96 /* WatchOS.app */,
				591CB0A6271D63FF00959E96 /* WatchOS WatchKit Extension.appex */,
			);
			name = Products;
			sourceTree = "<group>";
		};
		597F9B332714666500775F34 /* macOS */ = {
			isa = PBXGroup;
			children = (
				597F9B342714666500775F34 /* macOS.entitlements */,
			);
			path = macOS;
			sourceTree = "<group>";
		};
		597F9B3C2714666500775F34 /* Tests iOS */ = {
			isa = PBXGroup;
			children = (
				597F9B3D2714666500775F34 /* Tests_iOS.swift */,
				597F9B3F2714666500775F34 /* Tests_iOSLaunchTests.swift */,
			);
			path = "Tests iOS";
			sourceTree = "<group>";
		};
		597F9B482714666500775F34 /* Tests macOS */ = {
			isa = PBXGroup;
			children = (
				597F9B492714666500775F34 /* Tests_macOS.swift */,
				597F9B4B2714666500775F34 /* Tests_macOSLaunchTests.swift */,
			);
			path = "Tests macOS";
			sourceTree = "<group>";
		};
		597F9B662714670100775F34 /* TestMulti_tvOS */ = {
			isa = PBXGroup;
			children = (
				597F9B672714670100775F34 /* TestMulti_tvOSApp.swift */,
				597F9B6B2714670300775F34 /* Assets.xcassets */,
				597F9B6D2714670300775F34 /* Preview Content */,
			);
			path = TestMulti_tvOS;
			sourceTree = "<group>";
		};
		597F9B6D2714670300775F34 /* Preview Content */ = {
			isa = PBXGroup;
			children = (
				597F9B6E2714670300775F34 /* Preview Assets.xcassets */,
			);
			path = "Preview Content";
			sourceTree = "<group>";
		};
		597F9B772714670300775F34 /* TestMulti_tvOSTests */ = {
			isa = PBXGroup;
			children = (
				597F9B782714670300775F34 /* TestMulti_tvOSTests.swift */,
			);
			path = TestMulti_tvOSTests;
			sourceTree = "<group>";
		};
		597F9B812714670300775F34 /* TestMulti_tvOSUITests */ = {
			isa = PBXGroup;
			children = (
				597F9B822714670300775F34 /* TestMulti_tvOSUITests.swift */,
				597F9B842714670300775F34 /* TestMulti_tvOSUITestsLaunchTests.swift */,
			);
			path = TestMulti_tvOSUITests;
			sourceTree = "<group>";
		};
		59A2EB04271472F1002FFA16 /* Extensions */ = {
			isa = PBXGroup;
			children = (
				59A2EB05271472F1002FFA16 /* UIImageExtension.swift */,
				59A2EB06271472F1002FFA16 /* DateExtension.swift */,
			);
			path = Extensions;
			sourceTree = "<group>";
		};
		59A2EB07271472F1002FFA16 /* Services */ = {
			isa = PBXGroup;
			children = (
				59A2EB08271472F1002FFA16 /* ImageService.swift */,
				59A2EB09271472F1002FFA16 /* DataService.swift */,
			);
			path = Services;
			sourceTree = "<group>";
		};
		59A2EB0A271472F1002FFA16 /* UI */ = {
			isa = PBXGroup;
			children = (
				59A2EB0B271472F1002FFA16 /* TitleScreen */,
				59A2EB0D271472F1002FFA16 /* ListScreen */,
				59A2EB10271472F1002FFA16 /* DetailScreen */,
				59A2EB13271472F1002FFA16 /* ContentScreen */,
				59A2EB16271472F1002FFA16 /* ModalScreen */,
				59A2EB18271472F1002FFA16 /* CustomViews */,
			);
			path = UI;
			sourceTree = "<group>";
		};
		59A2EB0B271472F1002FFA16 /* TitleScreen */ = {
			isa = PBXGroup;
			children = (
				59A2EB0C271472F1002FFA16 /* TitleScreen.swift */,
			);
			path = TitleScreen;
			sourceTree = "<group>";
		};
		59A2EB0D271472F1002FFA16 /* ListScreen */ = {
			isa = PBXGroup;
			children = (
				59A2EB0F271472F1002FFA16 /* ListScreen.swift */,
				59A2EB0E271472F1002FFA16 /* ListModel.swift */,
			);
			path = ListScreen;
			sourceTree = "<group>";
		};
		59A2EB10271472F1002FFA16 /* DetailScreen */ = {
			isa = PBXGroup;
			children = (
				59A2EB11271472F1002FFA16 /* DetailScreen.swift */,
				59A2EB12271472F1002FFA16 /* DetailModel.swift */,
			);
			path = DetailScreen;
			sourceTree = "<group>";
		};
		59A2EB13271472F1002FFA16 /* ContentScreen */ = {
			isa = PBXGroup;
			children = (
				59A2EB14271472F1002FFA16 /* Routing.swift */,
				59A2EB15271472F1002FFA16 /* ContentView.swift */,
			);
			path = ContentScreen;
			sourceTree = "<group>";
		};
		59A2EB16271472F1002FFA16 /* ModalScreen */ = {
			isa = PBXGroup;
			children = (
				59A2EB17271472F1002FFA16 /* ModalScreen.swift */,
			);
			path = ModalScreen;
			sourceTree = "<group>";
		};
		59A2EB18271472F1002FFA16 /* CustomViews */ = {
			isa = PBXGroup;
			children = (
				59A2EB19271472F1002FFA16 /* PhotoCell.swift */,
				59A2EB1A271472F1002FFA16 /* ModalView.swift */,
				59A2EB1B271472F1002FFA16 /* ResizableImageView.swift */,
			);
			path = CustomViews;
			sourceTree = "<group>";
		};
		59A2EB1C271472F1002FFA16 /* Entities */ = {
			isa = PBXGroup;
			children = (
				59A2EB1D271472F1002FFA16 /* EarthImageEntity.swift */,
			);
			path = Entities;
			sourceTree = "<group>";
		};
/* End PBXGroup section */

/* Begin PBXNativeTarget section */
		591CB09D271D63FC00959E96 /* WatchOS */ = {
			isa = PBXNativeTarget;
			buildConfigurationList = 591CB0BE271D640000959E96 /* Build configuration list for PBXNativeTarget "WatchOS" */;
			buildPhases = (
				591CB09C271D63FC00959E96 /* Resources */,
				591CB0BD271D640000959E96 /* Embed App Extensions */,
			);
			buildRules = (
			);
			dependencies = (
				591CB0A9271D63FF00959E96 /* PBXTargetDependency */,
			);
			name = WatchOS;
			productName = WatchOS;
			productReference = 591CB09E271D63FC00959E96 /* WatchOS.app */;
			productType = "com.apple.product-type.application.watchapp2";
		};
		591CB0A5271D63FF00959E96 /* WatchOS WatchKit Extension */ = {
			isa = PBXNativeTarget;
			buildConfigurationList = 591CB0BA271D640000959E96 /* Build configuration list for PBXNativeTarget "WatchOS WatchKit Extension" */;
			buildPhases = (
				591CB0A2271D63FF00959E96 /* Sources */,
				591CB0A3271D63FF00959E96 /* Frameworks */,
				591CB0A4271D63FF00959E96 /* Resources */,
			);
			buildRules = (
			);
			dependencies = (
			);
			name = "WatchOS WatchKit Extension";
			productName = "WatchOS WatchKit Extension";
			productReference = 591CB0A6271D63FF00959E96 /* WatchOS WatchKit Extension.appex */;
			productType = "com.apple.product-type.watchkit2-extension";
		};
		597F9B2B2714666500775F34 /* TestMulti (iOS) */ = {
			isa = PBXNativeTarget;
			buildConfigurationList = 597F9B552714666500775F34 /* Build configuration list for PBXNativeTarget "TestMulti (iOS)" */;
			buildPhases = (
				597F9B282714666500775F34 /* Sources */,
				597F9B292714666500775F34 /* Frameworks */,
				597F9B2A2714666500775F34 /* Resources */,
				591CB0C1271D640000959E96 /* Embed Watch Content */,
			);
			buildRules = (
			);
			dependencies = (
				591CB0B8271D640000959E96 /* PBXTargetDependency */,
			);
			name = "TestMulti (iOS)";
			productName = "TestMulti (iOS)";
			productReference = 597F9B2C2714666500775F34 /* TestMulti.app */;
			productType = "com.apple.product-type.application";
		};
		597F9B312714666500775F34 /* TestMulti (macOS) */ = {
			isa = PBXNativeTarget;
			buildConfigurationList = 597F9B582714666500775F34 /* Build configuration list for PBXNativeTarget "TestMulti (macOS)" */;
			buildPhases = (
				597F9B2E2714666500775F34 /* Sources */,
				597F9B2F2714666500775F34 /* Frameworks */,
				597F9B302714666500775F34 /* Resources */,
			);
			buildRules = (
			);
			dependencies = (
			);
			name = "TestMulti (macOS)";
			productName = "TestMulti (macOS)";
			productReference = 597F9B322714666500775F34 /* TestMulti.app */;
			productType = "com.apple.product-type.application";
		};
		597F9B382714666500775F34 /* Tests iOS */ = {
			isa = PBXNativeTarget;
			buildConfigurationList = 597F9B5B2714666500775F34 /* Build configuration list for PBXNativeTarget "Tests iOS" */;
			buildPhases = (
				597F9B352714666500775F34 /* Sources */,
				597F9B362714666500775F34 /* Frameworks */,
				597F9B372714666500775F34 /* Resources */,
			);
			buildRules = (
			);
			dependencies = (
				597F9B3B2714666500775F34 /* PBXTargetDependency */,
			);
			name = "Tests iOS";
			productName = "Tests iOS";
			productReference = 597F9B392714666500775F34 /* Tests iOS.xctest */;
			productType = "com.apple.product-type.bundle.ui-testing";
		};
		597F9B442714666500775F34 /* Tests macOS */ = {
			isa = PBXNativeTarget;
			buildConfigurationList = 597F9B5E2714666500775F34 /* Build configuration list for PBXNativeTarget "Tests macOS" */;
			buildPhases = (
				597F9B412714666500775F34 /* Sources */,
				597F9B422714666500775F34 /* Frameworks */,
				597F9B432714666500775F34 /* Resources */,
			);
			buildRules = (
			);
			dependencies = (
				597F9B472714666500775F34 /* PBXTargetDependency */,
			);
			name = "Tests macOS";
			productName = "Tests macOS";
			productReference = 597F9B452714666500775F34 /* Tests macOS.xctest */;
			productType = "com.apple.product-type.bundle.ui-testing";
		};
		597F9B642714670100775F34 /* TestMulti_tvOS */ = {
			isa = PBXNativeTarget;
			buildConfigurationList = 597F9B862714670300775F34 /* Build configuration list for PBXNativeTarget "TestMulti_tvOS" */;
			buildPhases = (
				597F9B612714670100775F34 /* Sources */,
				597F9B622714670100775F34 /* Frameworks */,
				597F9B632714670100775F34 /* Resources */,
			);
			buildRules = (
			);
			dependencies = (
			);
			name = TestMulti_tvOS;
			productName = TestMulti_tvOS;
			productReference = 597F9B652714670100775F34 /* TestMulti_tvOS.app */;
			productType = "com.apple.product-type.application";
		};
		597F9B732714670300775F34 /* TestMulti_tvOSTests */ = {
			isa = PBXNativeTarget;
			buildConfigurationList = 597F9B892714670300775F34 /* Build configuration list for PBXNativeTarget "TestMulti_tvOSTests" */;
			buildPhases = (
				597F9B702714670300775F34 /* Sources */,
				597F9B712714670300775F34 /* Frameworks */,
				597F9B722714670300775F34 /* Resources */,
			);
			buildRules = (
			);
			dependencies = (
				597F9B762714670300775F34 /* PBXTargetDependency */,
			);
			name = TestMulti_tvOSTests;
			productName = TestMulti_tvOSTests;
			productReference = 597F9B742714670300775F34 /* TestMulti_tvOSTests.xctest */;
			productType = "com.apple.product-type.bundle.unit-test";
		};
		597F9B7D2714670300775F34 /* TestMulti_tvOSUITests */ = {
			isa = PBXNativeTarget;
			buildConfigurationList = 597F9B8C2714670300775F34 /* Build configuration list for PBXNativeTarget "TestMulti_tvOSUITests" */;
			buildPhases = (
				597F9B7A2714670300775F34 /* Sources */,
				597F9B7B2714670300775F34 /* Frameworks */,
				597F9B7C2714670300775F34 /* Resources */,
			);
			buildRules = (
			);
			dependencies = (
				597F9B802714670300775F34 /* PBXTargetDependency */,
			);
			name = TestMulti_tvOSUITests;
			productName = TestMulti_tvOSUITests;
			productReference = 597F9B7E2714670300775F34 /* TestMulti_tvOSUITests.xctest */;
			productType = "com.apple.product-type.bundle.ui-testing";
		};
/* End PBXNativeTarget section */

/* Begin PBXProject section */
		597F9B202714666200775F34 /* Project object */ = {
			isa = PBXProject;
			attributes = {
				BuildIndependentTargetsInParallel = 1;
				LastSwiftUpdateCheck = 1300;
				LastUpgradeCheck = 1300;
				TargetAttributes = {
					591CB09D271D63FC00959E96 = {
						CreatedOnToolsVersion = 13.0;
					};
					591CB0A5271D63FF00959E96 = {
						CreatedOnToolsVersion = 13.0;
					};
					597F9B2B2714666500775F34 = {
						CreatedOnToolsVersion = 13.0;
					};
					597F9B312714666500775F34 = {
						CreatedOnToolsVersion = 13.0;
					};
					597F9B382714666500775F34 = {
						CreatedOnToolsVersion = 13.0;
						TestTargetID = 597F9B2B2714666500775F34;
					};
					597F9B442714666500775F34 = {
						CreatedOnToolsVersion = 13.0;
						TestTargetID = 597F9B312714666500775F34;
					};
					597F9B642714670100775F34 = {
						CreatedOnToolsVersion = 13.0;
					};
					597F9B732714670300775F34 = {
						CreatedOnToolsVersion = 13.0;
						TestTargetID = 597F9B642714670100775F34;
					};
					597F9B7D2714670300775F34 = {
						CreatedOnToolsVersion = 13.0;
						TestTargetID = 597F9B642714670100775F34;
					};
				};
			};
			buildConfigurationList = 597F9B232714666200775F34 /* Build configuration list for PBXProject "TestMulti" */;
			compatibilityVersion = "Xcode 13.0";
			developmentRegion = en;
			hasScannedForEncodings = 0;
			knownRegions = (
				en,
				Base,
			);
			mainGroup = 597F9B1F2714666200775F34;
			productRefGroup = 597F9B2D2714666500775F34 /* Products */;
			projectDirPath = "";
			projectRoot = "";
			targets = (
				597F9B2B2714666500775F34 /* TestMulti (iOS) */,
				597F9B312714666500775F34 /* TestMulti (macOS) */,
				597F9B382714666500775F34 /* Tests iOS */,
				597F9B442714666500775F34 /* Tests macOS */,
				597F9B642714670100775F34 /* TestMulti_tvOS */,
				597F9B732714670300775F34 /* TestMulti_tvOSTests */,
				597F9B7D2714670300775F34 /* TestMulti_tvOSUITests */,
				591CB09D271D63FC00959E96 /* WatchOS */,
				591CB0A5271D63FF00959E96 /* WatchOS WatchKit Extension */,
			);
		};
/* End PBXProject section */

/* Begin PBXResourcesBuildPhase section */
		591CB09C271D63FC00959E96 /* Resources */ = {
			isa = PBXResourcesBuildPhase;
			buildActionMask = 2147483647;
			files = (
				591CB0A1271D63FF00959E96 /* Assets.xcassets in Resources */,
			);
			runOnlyForDeploymentPostprocessing = 0;
		};
		591CB0A4271D63FF00959E96 /* Resources */ = {
			isa = PBXResourcesBuildPhase;
			buildActionMask = 2147483647;
			files = (
				591CB0B5271D640000959E96 /* Preview Assets.xcassets in Resources */,
				591CB0B2271D640000959E96 /* Assets.xcassets in Resources */,
			);
			runOnlyForDeploymentPostprocessing = 0;
		};
		597F9B2A2714666500775F34 /* Resources */ = {
			isa = PBXResourcesBuildPhase;
			buildActionMask = 2147483647;
			files = (
				597F9B512714666500775F34 /* Assets.xcassets in Resources */,
			);
			runOnlyForDeploymentPostprocessing = 0;
		};
		597F9B302714666500775F34 /* Resources */ = {
			isa = PBXResourcesBuildPhase;
			buildActionMask = 2147483647;
			files = (
				597F9B522714666500775F34 /* Assets.xcassets in Resources */,
			);
			runOnlyForDeploymentPostprocessing = 0;
		};
		597F9B372714666500775F34 /* Resources */ = {
			isa = PBXResourcesBuildPhase;
			buildActionMask = 2147483647;
			files = (
			);
			runOnlyForDeploymentPostprocessing = 0;
		};
		597F9B432714666500775F34 /* Resources */ = {
			isa = PBXResourcesBuildPhase;
			buildActionMask = 2147483647;
			files = (
			);
			runOnlyForDeploymentPostprocessing = 0;
		};
		597F9B632714670100775F34 /* Resources */ = {
			isa = PBXResourcesBuildPhase;
			buildActionMask = 2147483647;
			files = (
				597F9B6F2714670300775F34 /* Preview Assets.xcassets in Resources */,
				597F9B6C2714670300775F34 /* Assets.xcassets in Resources */,
			);
			runOnlyForDeploymentPostprocessing = 0;
		};
		597F9B722714670300775F34 /* Resources */ = {
			isa = PBXResourcesBuildPhase;
			buildActionMask = 2147483647;
			files = (
			);
			runOnlyForDeploymentPostprocessing = 0;
		};
		597F9B7C2714670300775F34 /* Resources */ = {
			isa = PBXResourcesBuildPhase;
			buildActionMask = 2147483647;
			files = (
			);
			runOnlyForDeploymentPostprocessing = 0;
		};
/* End PBXResourcesBuildPhase section */

/* Begin PBXSourcesBuildPhase section */
		591CB0A2271D63FF00959E96 /* Sources */ = {
			isa = PBXSourcesBuildPhase;
			buildActionMask = 2147483647;
			files = (
				591CB0C8271D65A900959E96 /* DetailScreen.swift in Sources */,
				591CB0AC271D63FF00959E96 /* ContentView.swift in Sources */,
				591CB0C7271D658800959E96 /* PhotoCell.swift in Sources */,
				591CB0C5271D650300959E96 /* DataService.swift in Sources */,
				591CB0C3271D64FE00959E96 /* DateExtension.swift in Sources */,
				591CB0C2271D64F100959E96 /* EarthImageEntity.swift in Sources */,
				591CB0AE271D63FF00959E96 /* TestMultiApp.swift in Sources */,
				591CB0B0271D63FF00959E96 /* ComplicationController.swift in Sources */,
				591CB0CA271D65BC00959E96 /* Routing.swift in Sources */,
				591CB0C4271D650100959E96 /* ImageService.swift in Sources */,
				591CB0C9271D65AB00959E96 /* DetailModel.swift in Sources */,
				591CB0C6271D651C00959E96 /* ListModel.swift in Sources */,
			);
			runOnlyForDeploymentPostprocessing = 0;
		};
		597F9B282714666500775F34 /* Sources */ = {
			isa = PBXSourcesBuildPhase;
			buildActionMask = 2147483647;
			files = (
				59A2EB33271472F1002FFA16 /* DetailScreen.swift in Sources */,
				59A2EB4B271472F2002FFA16 /* EarthImageEntity.swift in Sources */,
				59A2EB42271472F2002FFA16 /* PhotoCell.swift in Sources */,
				59A2EB45271472F2002FFA16 /* ModalView.swift in Sources */,
				59A2EB21271472F1002FFA16 /* DateExtension.swift in Sources */,
				59A2EB2A271472F1002FFA16 /* TitleScreen.swift in Sources */,
				597F9B4D2714666500775F34 /* TestMultiApp.swift in Sources */,
				59A2EB27271472F1002FFA16 /* DataService.swift in Sources */,
				59A2EB24271472F1002FFA16 /* ImageService.swift in Sources */,
				59A2EB48271472F2002FFA16 /* ResizableImageView.swift in Sources */,
				59A2EB3F271472F2002FFA16 /* ModalScreen.swift in Sources */,
				59A2EB1E271472F1002FFA16 /* UIImageExtension.swift in Sources */,
				59A2EB39271472F2002FFA16 /* Routing.swift in Sources */,
				59A2EB30271472F1002FFA16 /* ListScreen.swift in Sources */,
				59A2EB3C271472F2002FFA16 /* ContentView.swift in Sources */,
				59A2EB36271472F2002FFA16 /* DetailModel.swift in Sources */,
				59A2EB2D271472F1002FFA16 /* ListModel.swift in Sources */,
			);
			runOnlyForDeploymentPostprocessing = 0;
		};
		597F9B2E2714666500775F34 /* Sources */ = {
			isa = PBXSourcesBuildPhase;
			buildActionMask = 2147483647;
			files = (
				59A2EB34271472F1002FFA16 /* DetailScreen.swift in Sources */,
				59A2EB4C271472F2002FFA16 /* EarthImageEntity.swift in Sources */,
				59A2EB43271472F2002FFA16 /* PhotoCell.swift in Sources */,
				59A2EB46271472F2002FFA16 /* ModalView.swift in Sources */,
				59A2EB22271472F1002FFA16 /* DateExtension.swift in Sources */,
				59A2EB2B271472F1002FFA16 /* TitleScreen.swift in Sources */,
				597F9B4E2714666500775F34 /* TestMultiApp.swift in Sources */,
				59A2EB28271472F1002FFA16 /* DataService.swift in Sources */,
				59A2EB25271472F1002FFA16 /* ImageService.swift in Sources */,
				59A2EB49271472F2002FFA16 /* ResizableImageView.swift in Sources */,
				59A2EB40271472F2002FFA16 /* ModalScreen.swift in Sources */,
				59A2EB1F271472F1002FFA16 /* UIImageExtension.swift in Sources */,
				59A2EB3A271472F2002FFA16 /* Routing.swift in Sources */,
				59A2EB31271472F1002FFA16 /* ListScreen.swift in Sources */,
				59A2EB3D271472F2002FFA16 /* ContentView.swift in Sources */,
				59A2EB37271472F2002FFA16 /* DetailModel.swift in Sources */,
				59A2EB2E271472F1002FFA16 /* ListModel.swift in Sources */,
			);
			runOnlyForDeploymentPostprocessing = 0;
		};
		597F9B352714666500775F34 /* Sources */ = {
			isa = PBXSourcesBuildPhase;
			buildActionMask = 2147483647;
			files = (
				597F9B402714666500775F34 /* Tests_iOSLaunchTests.swift in Sources */,
				597F9B3E2714666500775F34 /* Tests_iOS.swift in Sources */,
			);
			runOnlyForDeploymentPostprocessing = 0;
		};
		597F9B412714666500775F34 /* Sources */ = {
			isa = PBXSourcesBuildPhase;
			buildActionMask = 2147483647;
			files = (
				597F9B4C2714666500775F34 /* Tests_macOSLaunchTests.swift in Sources */,
				597F9B4A2714666500775F34 /* Tests_macOS.swift in Sources */,
			);
			runOnlyForDeploymentPostprocessing = 0;
		};
		597F9B612714670100775F34 /* Sources */ = {
			isa = PBXSourcesBuildPhase;
			buildActionMask = 2147483647;
			files = (
				59A2EB35271472F1002FFA16 /* DetailScreen.swift in Sources */,
				59A2EB4D271472F2002FFA16 /* EarthImageEntity.swift in Sources */,
				59A2EB44271472F2002FFA16 /* PhotoCell.swift in Sources */,
				59A2EB47271472F2002FFA16 /* ModalView.swift in Sources */,
				59A2EB23271472F1002FFA16 /* DateExtension.swift in Sources */,
				59A2EB2C271472F1002FFA16 /* TitleScreen.swift in Sources */,
				597F9B682714670100775F34 /* TestMulti_tvOSApp.swift in Sources */,
				59A2EB29271472F1002FFA16 /* DataService.swift in Sources */,
				59A2EB26271472F1002FFA16 /* ImageService.swift in Sources */,
				59A2EB4A271472F2002FFA16 /* ResizableImageView.swift in Sources */,
				59A2EB41271472F2002FFA16 /* ModalScreen.swift in Sources */,
				59A2EB20271472F1002FFA16 /* UIImageExtension.swift in Sources */,
				59A2EB3B271472F2002FFA16 /* Routing.swift in Sources */,
				59A2EB32271472F1002FFA16 /* ListScreen.swift in Sources */,
				59A2EB3E271472F2002FFA16 /* ContentView.swift in Sources */,
				59A2EB38271472F2002FFA16 /* DetailModel.swift in Sources */,
				59A2EB2F271472F1002FFA16 /* ListModel.swift in Sources */,
			);
			runOnlyForDeploymentPostprocessing = 0;
		};
		597F9B702714670300775F34 /* Sources */ = {
			isa = PBXSourcesBuildPhase;
			buildActionMask = 2147483647;
			files = (
				597F9B792714670300775F34 /* TestMulti_tvOSTests.swift in Sources */,
			);
			runOnlyForDeploymentPostprocessing = 0;
		};
		597F9B7A2714670300775F34 /* Sources */ = {
			isa = PBXSourcesBuildPhase;
			buildActionMask = 2147483647;
			files = (
				597F9B852714670300775F34 /* TestMulti_tvOSUITestsLaunchTests.swift in Sources */,
				597F9B832714670300775F34 /* TestMulti_tvOSUITests.swift in Sources */,
			);
			runOnlyForDeploymentPostprocessing = 0;
		};
/* End PBXSourcesBuildPhase section */

/* Begin PBXTargetDependency section */
		591CB0A9271D63FF00959E96 /* PBXTargetDependency */ = {
			isa = PBXTargetDependency;
			target = 591CB0A5271D63FF00959E96 /* WatchOS WatchKit Extension */;
			targetProxy = 591CB0A8271D63FF00959E96 /* PBXContainerItemProxy */;
		};
		591CB0B8271D640000959E96 /* PBXTargetDependency */ = {
			isa = PBXTargetDependency;
			target = 591CB09D271D63FC00959E96 /* WatchOS */;
			targetProxy = 591CB0B7271D640000959E96 /* PBXContainerItemProxy */;
		};
		597F9B3B2714666500775F34 /* PBXTargetDependency */ = {
			isa = PBXTargetDependency;
			target = 597F9B2B2714666500775F34 /* TestMulti (iOS) */;
			targetProxy = 597F9B3A2714666500775F34 /* PBXContainerItemProxy */;
		};
		597F9B472714666500775F34 /* PBXTargetDependency */ = {
			isa = PBXTargetDependency;
			target = 597F9B312714666500775F34 /* TestMulti (macOS) */;
			targetProxy = 597F9B462714666500775F34 /* PBXContainerItemProxy */;
		};
		597F9B762714670300775F34 /* PBXTargetDependency */ = {
			isa = PBXTargetDependency;
			target = 597F9B642714670100775F34 /* TestMulti_tvOS */;
			targetProxy = 597F9B752714670300775F34 /* PBXContainerItemProxy */;
		};
		597F9B802714670300775F34 /* PBXTargetDependency */ = {
			isa = PBXTargetDependency;
			target = 597F9B642714670100775F34 /* TestMulti_tvOS */;
			targetProxy = 597F9B7F2714670300775F34 /* PBXContainerItemProxy */;
		};
/* End PBXTargetDependency section */

/* Begin XCBuildConfiguration section */
		591CB0BB271D640000959E96 /* Debug */ = {
			isa = XCBuildConfiguration;
			buildSettings = {
				ASSETCATALOG_COMPILER_COMPLICATION_NAME = Complication;
				CODE_SIGN_STYLE = Automatic;
				CURRENT_PROJECT_VERSION = 1;
				DEVELOPMENT_ASSET_PATHS = "\"WatchOS WatchKit Extension/Preview Content\"";
				DEVELOPMENT_TEAM = 6RYAXR5TVD;
				ENABLE_PREVIEWS = YES;
				GENERATE_INFOPLIST_FILE = YES;
				INFOPLIST_FILE = "WatchOS WatchKit Extension/Info.plist";
				INFOPLIST_KEY_CFBundleDisplayName = "WatchOS WatchKit Extension";
				INFOPLIST_KEY_CLKComplicationPrincipalClass = "$(PRODUCT_MODULE_NAME).ComplicationController";
				INFOPLIST_KEY_NSHumanReadableCopyright = "";
				LD_RUNPATH_SEARCH_PATHS = (
					"$(inherited)",
					"@executable_path/Frameworks",
					"@executable_path/../../Frameworks",
				);
				MARKETING_VERSION = 1.0;
				PRODUCT_BUNDLE_IDENTIFIER = OOH.TestMulti.watchkitapp.watchkitextension;
				PRODUCT_NAME = "${TARGET_NAME}";
				SDKROOT = watchos;
				SKIP_INSTALL = YES;
				SWIFT_EMIT_LOC_STRINGS = YES;
				SWIFT_VERSION = 5.0;
				TARGETED_DEVICE_FAMILY = 4;
				WATCHOS_DEPLOYMENT_TARGET = 8.0;
			};
			name = Debug;
		};
		591CB0BC271D640000959E96 /* Release */ = {
			isa = XCBuildConfiguration;
			buildSettings = {
				ASSETCATALOG_COMPILER_COMPLICATION_NAME = Complication;
				CODE_SIGN_STYLE = Automatic;
				CURRENT_PROJECT_VERSION = 1;
				DEVELOPMENT_ASSET_PATHS = "\"WatchOS WatchKit Extension/Preview Content\"";
				DEVELOPMENT_TEAM = 6RYAXR5TVD;
				ENABLE_PREVIEWS = YES;
				GENERATE_INFOPLIST_FILE = YES;
				INFOPLIST_FILE = "WatchOS WatchKit Extension/Info.plist";
				INFOPLIST_KEY_CFBundleDisplayName = "WatchOS WatchKit Extension";
				INFOPLIST_KEY_CLKComplicationPrincipalClass = "$(PRODUCT_MODULE_NAME).ComplicationController";
				INFOPLIST_KEY_NSHumanReadableCopyright = "";
				LD_RUNPATH_SEARCH_PATHS = (
					"$(inherited)",
					"@executable_path/Frameworks",
					"@executable_path/../../Frameworks",
				);
				MARKETING_VERSION = 1.0;
				PRODUCT_BUNDLE_IDENTIFIER = OOH.TestMulti.watchkitapp.watchkitextension;
				PRODUCT_NAME = "${TARGET_NAME}";
				SDKROOT = watchos;
				SKIP_INSTALL = YES;
				SWIFT_EMIT_LOC_STRINGS = YES;
				SWIFT_VERSION = 5.0;
				TARGETED_DEVICE_FAMILY = 4;
				VALIDATE_PRODUCT = YES;
				WATCHOS_DEPLOYMENT_TARGET = 8.0;
			};
			name = Release;
		};
		591CB0BF271D640000959E96 /* Debug */ = {
			isa = XCBuildConfiguration;
			buildSettings = {
				ALWAYS_EMBED_SWIFT_STANDARD_LIBRARIES = YES;
				ASSETCATALOG_COMPILER_APPICON_NAME = AppIcon;
				ASSETCATALOG_COMPILER_GLOBAL_ACCENT_COLOR_NAME = AccentColor;
				CODE_SIGN_STYLE = Automatic;
				CURRENT_PROJECT_VERSION = 1;
				DEVELOPMENT_TEAM = 6RYAXR5TVD;
				GENERATE_INFOPLIST_FILE = YES;
				IBSC_MODULE = WatchOS_WatchKit_Extension;
				INFOPLIST_KEY_CFBundleDisplayName = WatchOS;
				INFOPLIST_KEY_UISupportedInterfaceOrientations = "UIInterfaceOrientationPortrait UIInterfaceOrientationPortraitUpsideDown";
				INFOPLIST_KEY_WKCompanionAppBundleIdentifier = OOH.TestMulti;
				MARKETING_VERSION = 1.0;
				PRODUCT_BUNDLE_IDENTIFIER = OOH.TestMulti.watchkitapp;
				PRODUCT_NAME = "$(TARGET_NAME)";
				SDKROOT = watchos;
				SKIP_INSTALL = YES;
				SWIFT_EMIT_LOC_STRINGS = YES;
				SWIFT_VERSION = 5.0;
				TARGETED_DEVICE_FAMILY = 4;
				WATCHOS_DEPLOYMENT_TARGET = 8.0;
			};
			name = Debug;
		};
		591CB0C0271D640000959E96 /* Release */ = {
			isa = XCBuildConfiguration;
			buildSettings = {
				ALWAYS_EMBED_SWIFT_STANDARD_LIBRARIES = YES;
				ASSETCATALOG_COMPILER_APPICON_NAME = AppIcon;
				ASSETCATALOG_COMPILER_GLOBAL_ACCENT_COLOR_NAME = AccentColor;
				CODE_SIGN_STYLE = Automatic;
				CURRENT_PROJECT_VERSION = 1;
				DEVELOPMENT_TEAM = 6RYAXR5TVD;
				GENERATE_INFOPLIST_FILE = YES;
				IBSC_MODULE = WatchOS_WatchKit_Extension;
				INFOPLIST_KEY_CFBundleDisplayName = WatchOS;
				INFOPLIST_KEY_UISupportedInterfaceOrientations = "UIInterfaceOrientationPortrait UIInterfaceOrientationPortraitUpsideDown";
				INFOPLIST_KEY_WKCompanionAppBundleIdentifier = OOH.TestMulti;
				MARKETING_VERSION = 1.0;
				PRODUCT_BUNDLE_IDENTIFIER = OOH.TestMulti.watchkitapp;
				PRODUCT_NAME = "$(TARGET_NAME)";
				SDKROOT = watchos;
				SKIP_INSTALL = YES;
				SWIFT_EMIT_LOC_STRINGS = YES;
				SWIFT_VERSION = 5.0;
				TARGETED_DEVICE_FAMILY = 4;
				VALIDATE_PRODUCT = YES;
				WATCHOS_DEPLOYMENT_TARGET = 8.0;
			};
			name = Release;
		};
		597F9B532714666500775F34 /* Debug */ = {
			isa = XCBuildConfiguration;
			buildSettings = {
				ALWAYS_SEARCH_USER_PATHS = NO;
				CLANG_ANALYZER_NONNULL = YES;
				CLANG_ANALYZER_NUMBER_OBJECT_CONVERSION = YES_AGGRESSIVE;
				CLANG_CXX_LANGUAGE_STANDARD = "gnu++17";
				CLANG_CXX_LIBRARY = "libc++";
				CLANG_ENABLE_MODULES = YES;
				CLANG_ENABLE_OBJC_ARC = YES;
				CLANG_ENABLE_OBJC_WEAK = YES;
				CLANG_WARN_BLOCK_CAPTURE_AUTORELEASING = YES;
				CLANG_WARN_BOOL_CONVERSION = YES;
				CLANG_WARN_COMMA = YES;
				CLANG_WARN_CONSTANT_CONVERSION = YES;
				CLANG_WARN_DEPRECATED_OBJC_IMPLEMENTATIONS = YES;
				CLANG_WARN_DIRECT_OBJC_ISA_USAGE = YES_ERROR;
				CLANG_WARN_DOCUMENTATION_COMMENTS = YES;
				CLANG_WARN_EMPTY_BODY = YES;
				CLANG_WARN_ENUM_CONVERSION = YES;
				CLANG_WARN_INFINITE_RECURSION = YES;
				CLANG_WARN_INT_CONVERSION = YES;
				CLANG_WARN_NON_LITERAL_NULL_CONVERSION = YES;
				CLANG_WARN_OBJC_IMPLICIT_RETAIN_SELF = YES;
				CLANG_WARN_OBJC_LITERAL_CONVERSION = YES;
				CLANG_WARN_OBJC_ROOT_CLASS = YES_ERROR;
				CLANG_WARN_QUOTED_INCLUDE_IN_FRAMEWORK_HEADER = YES;
				CLANG_WARN_RANGE_LOOP_ANALYSIS = YES;
				CLANG_WARN_STRICT_PROTOTYPES = YES;
				CLANG_WARN_SUSPICIOUS_MOVE = YES;
				CLANG_WARN_UNGUARDED_AVAILABILITY = YES_AGGRESSIVE;
				CLANG_WARN_UNREACHABLE_CODE = YES;
				CLANG_WARN__DUPLICATE_METHOD_MATCH = YES;
				COPY_PHASE_STRIP = NO;
				DEBUG_INFORMATION_FORMAT = dwarf;
				ENABLE_STRICT_OBJC_MSGSEND = YES;
				ENABLE_TESTABILITY = YES;
				GCC_C_LANGUAGE_STANDARD = gnu11;
				GCC_DYNAMIC_NO_PIC = NO;
				GCC_NO_COMMON_BLOCKS = YES;
				GCC_OPTIMIZATION_LEVEL = 0;
				GCC_PREPROCESSOR_DEFINITIONS = (
					"DEBUG=1",
					"$(inherited)",
				);
				GCC_WARN_64_TO_32_BIT_CONVERSION = YES;
				GCC_WARN_ABOUT_RETURN_TYPE = YES_ERROR;
				GCC_WARN_UNDECLARED_SELECTOR = YES;
				GCC_WARN_UNINITIALIZED_AUTOS = YES_AGGRESSIVE;
				GCC_WARN_UNUSED_FUNCTION = YES;
				GCC_WARN_UNUSED_VARIABLE = YES;
				MTL_ENABLE_DEBUG_INFO = INCLUDE_SOURCE;
				MTL_FAST_MATH = YES;
				ONLY_ACTIVE_ARCH = YES;
				SWIFT_ACTIVE_COMPILATION_CONDITIONS = DEBUG;
				SWIFT_OPTIMIZATION_LEVEL = "-Onone";
			};
			name = Debug;
		};
		597F9B542714666500775F34 /* Release */ = {
			isa = XCBuildConfiguration;
			buildSettings = {
				ALWAYS_SEARCH_USER_PATHS = NO;
				CLANG_ANALYZER_NONNULL = YES;
				CLANG_ANALYZER_NUMBER_OBJECT_CONVERSION = YES_AGGRESSIVE;
				CLANG_CXX_LANGUAGE_STANDARD = "gnu++17";
				CLANG_CXX_LIBRARY = "libc++";
				CLANG_ENABLE_MODULES = YES;
				CLANG_ENABLE_OBJC_ARC = YES;
				CLANG_ENABLE_OBJC_WEAK = YES;
				CLANG_WARN_BLOCK_CAPTURE_AUTORELEASING = YES;
				CLANG_WARN_BOOL_CONVERSION = YES;
				CLANG_WARN_COMMA = YES;
				CLANG_WARN_CONSTANT_CONVERSION = YES;
				CLANG_WARN_DEPRECATED_OBJC_IMPLEMENTATIONS = YES;
				CLANG_WARN_DIRECT_OBJC_ISA_USAGE = YES_ERROR;
				CLANG_WARN_DOCUMENTATION_COMMENTS = YES;
				CLANG_WARN_EMPTY_BODY = YES;
				CLANG_WARN_ENUM_CONVERSION = YES;
				CLANG_WARN_INFINITE_RECURSION = YES;
				CLANG_WARN_INT_CONVERSION = YES;
				CLANG_WARN_NON_LITERAL_NULL_CONVERSION = YES;
				CLANG_WARN_OBJC_IMPLICIT_RETAIN_SELF = YES;
				CLANG_WARN_OBJC_LITERAL_CONVERSION = YES;
				CLANG_WARN_OBJC_ROOT_CLASS = YES_ERROR;
				CLANG_WARN_QUOTED_INCLUDE_IN_FRAMEWORK_HEADER = YES;
				CLANG_WARN_RANGE_LOOP_ANALYSIS = YES;
				CLANG_WARN_STRICT_PROTOTYPES = YES;
				CLANG_WARN_SUSPICIOUS_MOVE = YES;
				CLANG_WARN_UNGUARDED_AVAILABILITY = YES_AGGRESSIVE;
				CLANG_WARN_UNREACHABLE_CODE = YES;
				CLANG_WARN__DUPLICATE_METHOD_MATCH = YES;
				COPY_PHASE_STRIP = NO;
				DEBUG_INFORMATION_FORMAT = "dwarf-with-dsym";
				ENABLE_NS_ASSERTIONS = NO;
				ENABLE_STRICT_OBJC_MSGSEND = YES;
				GCC_C_LANGUAGE_STANDARD = gnu11;
				GCC_NO_COMMON_BLOCKS = YES;
				GCC_WARN_64_TO_32_BIT_CONVERSION = YES;
				GCC_WARN_ABOUT_RETURN_TYPE = YES_ERROR;
				GCC_WARN_UNDECLARED_SELECTOR = YES;
				GCC_WARN_UNINITIALIZED_AUTOS = YES_AGGRESSIVE;
				GCC_WARN_UNUSED_FUNCTION = YES;
				GCC_WARN_UNUSED_VARIABLE = YES;
				MTL_ENABLE_DEBUG_INFO = NO;
				MTL_FAST_MATH = YES;
				SWIFT_COMPILATION_MODE = wholemodule;
				SWIFT_OPTIMIZATION_LEVEL = "-O";
			};
			name = Release;
		};
		597F9B562714666500775F34 /* Debug */ = {
			isa = XCBuildConfiguration;
			buildSettings = {
				ASSETCATALOG_COMPILER_APPICON_NAME = AppIcon;
				ASSETCATALOG_COMPILER_GLOBAL_ACCENT_COLOR_NAME = AccentColor;
				CODE_SIGN_ENTITLEMENTS = "TestMulti (iOS).entitlements";
				CODE_SIGN_STYLE = Automatic;
				CURRENT_PROJECT_VERSION = 1;
				DEVELOPMENT_TEAM = 6RYAXR5TVD;
				ENABLE_PREVIEWS = YES;
				GENERATE_INFOPLIST_FILE = YES;
				INFOPLIST_KEY_UIApplicationSceneManifest_Generation = YES;
				INFOPLIST_KEY_UIApplicationSupportsIndirectInputEvents = YES;
				INFOPLIST_KEY_UILaunchScreen_Generation = YES;
				INFOPLIST_KEY_UISupportedInterfaceOrientations_iPad = "UIInterfaceOrientationPortrait UIInterfaceOrientationPortraitUpsideDown UIInterfaceOrientationLandscapeLeft UIInterfaceOrientationLandscapeRight";
				INFOPLIST_KEY_UISupportedInterfaceOrientations_iPhone = "UIInterfaceOrientationPortrait UIInterfaceOrientationLandscapeLeft UIInterfaceOrientationLandscapeRight";
				IPHONEOS_DEPLOYMENT_TARGET = 14.0;
				LD_RUNPATH_SEARCH_PATHS = (
					"$(inherited)",
					"@executable_path/Frameworks",
				);
				MARKETING_VERSION = 1.0;
				PRODUCT_BUNDLE_IDENTIFIER = OOH.TestMulti;
				PRODUCT_NAME = TestMulti;
				SDKROOT = iphoneos;
				SUPPORTS_MACCATALYST = YES;
				SWIFT_EMIT_LOC_STRINGS = YES;
				SWIFT_VERSION = 5.0;
				TARGETED_DEVICE_FAMILY = "1,2";
			};
			name = Debug;
		};
		597F9B572714666500775F34 /* Release */ = {
			isa = XCBuildConfiguration;
			buildSettings = {
				ASSETCATALOG_COMPILER_APPICON_NAME = AppIcon;
				ASSETCATALOG_COMPILER_GLOBAL_ACCENT_COLOR_NAME = AccentColor;
				CODE_SIGN_ENTITLEMENTS = "TestMulti (iOS).entitlements";
				CODE_SIGN_STYLE = Automatic;
				CURRENT_PROJECT_VERSION = 1;
				DEVELOPMENT_TEAM = 6RYAXR5TVD;
				ENABLE_PREVIEWS = YES;
				GENERATE_INFOPLIST_FILE = YES;
				INFOPLIST_KEY_UIApplicationSceneManifest_Generation = YES;
				INFOPLIST_KEY_UIApplicationSupportsIndirectInputEvents = YES;
				INFOPLIST_KEY_UILaunchScreen_Generation = YES;
				INFOPLIST_KEY_UISupportedInterfaceOrientations_iPad = "UIInterfaceOrientationPortrait UIInterfaceOrientationPortraitUpsideDown UIInterfaceOrientationLandscapeLeft UIInterfaceOrientationLandscapeRight";
				INFOPLIST_KEY_UISupportedInterfaceOrientations_iPhone = "UIInterfaceOrientationPortrait UIInterfaceOrientationLandscapeLeft UIInterfaceOrientationLandscapeRight";
				IPHONEOS_DEPLOYMENT_TARGET = 14.0;
				LD_RUNPATH_SEARCH_PATHS = (
					"$(inherited)",
					"@executable_path/Frameworks",
				);
				MARKETING_VERSION = 1.0;
				PRODUCT_BUNDLE_IDENTIFIER = OOH.TestMulti;
				PRODUCT_NAME = TestMulti;
				SDKROOT = iphoneos;
				SUPPORTS_MACCATALYST = YES;
				SWIFT_EMIT_LOC_STRINGS = YES;
				SWIFT_VERSION = 5.0;
				TARGETED_DEVICE_FAMILY = "1,2";
				VALIDATE_PRODUCT = YES;
			};
			name = Release;
		};
		597F9B592714666500775F34 /* Debug */ = {
			isa = XCBuildConfiguration;
			buildSettings = {
				ASSETCATALOG_COMPILER_APPICON_NAME = AppIcon;
				ASSETCATALOG_COMPILER_GLOBAL_ACCENT_COLOR_NAME = AccentColor;
				CODE_SIGN_ENTITLEMENTS = macOS/macOS.entitlements;
				CODE_SIGN_STYLE = Automatic;
				COMBINE_HIDPI_IMAGES = YES;
				CURRENT_PROJECT_VERSION = 1;
				DEVELOPMENT_TEAM = 6RYAXR5TVD;
				ENABLE_HARDENED_RUNTIME = YES;
				ENABLE_PREVIEWS = YES;
				GENERATE_INFOPLIST_FILE = YES;
				INFOPLIST_KEY_NSHumanReadableCopyright = "";
				LD_RUNPATH_SEARCH_PATHS = (
					"$(inherited)",
					"@executable_path/../Frameworks",
				);
				MACOSX_DEPLOYMENT_TARGET = 11.0;
				MARKETING_VERSION = 1.0;
				PRODUCT_BUNDLE_IDENTIFIER = OOH.TestMulti;
				PRODUCT_NAME = TestMulti;
				SDKROOT = macosx;
				SWIFT_EMIT_LOC_STRINGS = YES;
				SWIFT_VERSION = 5.0;
			};
			name = Debug;
		};
		597F9B5A2714666500775F34 /* Release */ = {
			isa = XCBuildConfiguration;
			buildSettings = {
				ASSETCATALOG_COMPILER_APPICON_NAME = AppIcon;
				ASSETCATALOG_COMPILER_GLOBAL_ACCENT_COLOR_NAME = AccentColor;
				CODE_SIGN_ENTITLEMENTS = macOS/macOS.entitlements;
				CODE_SIGN_STYLE = Automatic;
				COMBINE_HIDPI_IMAGES = YES;
				CURRENT_PROJECT_VERSION = 1;
				DEVELOPMENT_TEAM = 6RYAXR5TVD;
				ENABLE_HARDENED_RUNTIME = YES;
				ENABLE_PREVIEWS = YES;
				GENERATE_INFOPLIST_FILE = YES;
				INFOPLIST_KEY_NSHumanReadableCopyright = "";
				LD_RUNPATH_SEARCH_PATHS = (
					"$(inherited)",
					"@executable_path/../Frameworks",
				);
				MACOSX_DEPLOYMENT_TARGET = 11.0;
				MARKETING_VERSION = 1.0;
				PRODUCT_BUNDLE_IDENTIFIER = OOH.TestMulti;
				PRODUCT_NAME = TestMulti;
				SDKROOT = macosx;
				SWIFT_EMIT_LOC_STRINGS = YES;
				SWIFT_VERSION = 5.0;
			};
			name = Release;
		};
		597F9B5C2714666500775F34 /* Debug */ = {
			isa = XCBuildConfiguration;
			buildSettings = {
				ALWAYS_EMBED_SWIFT_STANDARD_LIBRARIES = YES;
				CODE_SIGN_STYLE = Automatic;
				CURRENT_PROJECT_VERSION = 1;
				DEVELOPMENT_TEAM = 6RYAXR5TVD;
				GENERATE_INFOPLIST_FILE = YES;
				IPHONEOS_DEPLOYMENT_TARGET = 15.0;
				LD_RUNPATH_SEARCH_PATHS = (
					"$(inherited)",
					"@executable_path/Frameworks",
					"@loader_path/Frameworks",
				);
				MARKETING_VERSION = 1.0;
				PRODUCT_BUNDLE_IDENTIFIER = "OOH.Tests-iOS";
				PRODUCT_NAME = "$(TARGET_NAME)";
				SDKROOT = iphoneos;
				SWIFT_EMIT_LOC_STRINGS = NO;
				SWIFT_VERSION = 5.0;
				TARGETED_DEVICE_FAMILY = "1,2";
				TEST_TARGET_NAME = "TestMulti (iOS)";
			};
			name = Debug;
		};
		597F9B5D2714666500775F34 /* Release */ = {
			isa = XCBuildConfiguration;
			buildSettings = {
				ALWAYS_EMBED_SWIFT_STANDARD_LIBRARIES = YES;
				CODE_SIGN_STYLE = Automatic;
				CURRENT_PROJECT_VERSION = 1;
				DEVELOPMENT_TEAM = 6RYAXR5TVD;
				GENERATE_INFOPLIST_FILE = YES;
				IPHONEOS_DEPLOYMENT_TARGET = 15.0;
				LD_RUNPATH_SEARCH_PATHS = (
					"$(inherited)",
					"@executable_path/Frameworks",
					"@loader_path/Frameworks",
				);
				MARKETING_VERSION = 1.0;
				PRODUCT_BUNDLE_IDENTIFIER = "OOH.Tests-iOS";
				PRODUCT_NAME = "$(TARGET_NAME)";
				SDKROOT = iphoneos;
				SWIFT_EMIT_LOC_STRINGS = NO;
				SWIFT_VERSION = 5.0;
				TARGETED_DEVICE_FAMILY = "1,2";
				TEST_TARGET_NAME = "TestMulti (iOS)";
				VALIDATE_PRODUCT = YES;
			};
			name = Release;
		};
		597F9B5F2714666500775F34 /* Debug */ = {
			isa = XCBuildConfiguration;
			buildSettings = {
				ALWAYS_EMBED_SWIFT_STANDARD_LIBRARIES = YES;
				CODE_SIGN_STYLE = Automatic;
				COMBINE_HIDPI_IMAGES = YES;
				CURRENT_PROJECT_VERSION = 1;
				DEVELOPMENT_TEAM = 6RYAXR5TVD;
				GENERATE_INFOPLIST_FILE = YES;
				LD_RUNPATH_SEARCH_PATHS = (
					"$(inherited)",
					"@executable_path/../Frameworks",
					"@loader_path/../Frameworks",
				);
				MACOSX_DEPLOYMENT_TARGET = 11.3;
				MARKETING_VERSION = 1.0;
				PRODUCT_BUNDLE_IDENTIFIER = "OOH.Tests-macOS";
				PRODUCT_NAME = "$(TARGET_NAME)";
				SDKROOT = macosx;
				SWIFT_EMIT_LOC_STRINGS = NO;
				SWIFT_VERSION = 5.0;
				TEST_TARGET_NAME = "TestMulti (macOS)";
			};
			name = Debug;
		};
		597F9B602714666500775F34 /* Release */ = {
			isa = XCBuildConfiguration;
			buildSettings = {
				ALWAYS_EMBED_SWIFT_STANDARD_LIBRARIES = YES;
				CODE_SIGN_STYLE = Automatic;
				COMBINE_HIDPI_IMAGES = YES;
				CURRENT_PROJECT_VERSION = 1;
				DEVELOPMENT_TEAM = 6RYAXR5TVD;
				GENERATE_INFOPLIST_FILE = YES;
				LD_RUNPATH_SEARCH_PATHS = (
					"$(inherited)",
					"@executable_path/../Frameworks",
					"@loader_path/../Frameworks",
				);
				MACOSX_DEPLOYMENT_TARGET = 11.3;
				MARKETING_VERSION = 1.0;
				PRODUCT_BUNDLE_IDENTIFIER = "OOH.Tests-macOS";
				PRODUCT_NAME = "$(TARGET_NAME)";
				SDKROOT = macosx;
				SWIFT_EMIT_LOC_STRINGS = NO;
				SWIFT_VERSION = 5.0;
				TEST_TARGET_NAME = "TestMulti (macOS)";
			};
			name = Release;
		};
		597F9B872714670300775F34 /* Debug */ = {
			isa = XCBuildConfiguration;
			buildSettings = {
				ASSETCATALOG_COMPILER_APPICON_NAME = "App Icon & Top Shelf Image";
				ASSETCATALOG_COMPILER_GLOBAL_ACCENT_COLOR_NAME = AccentColor;
				CODE_SIGN_STYLE = Automatic;
				CURRENT_PROJECT_VERSION = 1;
				DEVELOPMENT_ASSET_PATHS = "\"TestMulti_tvOS/Preview Content\"";
				DEVELOPMENT_TEAM = 6RYAXR5TVD;
				ENABLE_PREVIEWS = YES;
				GENERATE_INFOPLIST_FILE = YES;
				INFOPLIST_KEY_UILaunchScreen_Generation = YES;
				INFOPLIST_KEY_UIUserInterfaceStyle = Automatic;
				LD_RUNPATH_SEARCH_PATHS = (
					"$(inherited)",
					"@executable_path/Frameworks",
				);
				MARKETING_VERSION = 1.0;
				PRODUCT_BUNDLE_IDENTIFIER = "OOH.TestMulti-tvOS";
				PRODUCT_NAME = "$(TARGET_NAME)";
				SDKROOT = appletvos;
				SWIFT_EMIT_LOC_STRINGS = YES;
				SWIFT_VERSION = 5.0;
				TARGETED_DEVICE_FAMILY = 3;
				TVOS_DEPLOYMENT_TARGET = 15.0;
			};
			name = Debug;
		};
		597F9B882714670300775F34 /* Release */ = {
			isa = XCBuildConfiguration;
			buildSettings = {
				ASSETCATALOG_COMPILER_APPICON_NAME = "App Icon & Top Shelf Image";
				ASSETCATALOG_COMPILER_GLOBAL_ACCENT_COLOR_NAME = AccentColor;
				CODE_SIGN_STYLE = Automatic;
				CURRENT_PROJECT_VERSION = 1;
				DEVELOPMENT_ASSET_PATHS = "\"TestMulti_tvOS/Preview Content\"";
				DEVELOPMENT_TEAM = 6RYAXR5TVD;
				ENABLE_PREVIEWS = YES;
				GENERATE_INFOPLIST_FILE = YES;
				INFOPLIST_KEY_UILaunchScreen_Generation = YES;
				INFOPLIST_KEY_UIUserInterfaceStyle = Automatic;
				LD_RUNPATH_SEARCH_PATHS = (
					"$(inherited)",
					"@executable_path/Frameworks",
				);
				MARKETING_VERSION = 1.0;
				PRODUCT_BUNDLE_IDENTIFIER = "OOH.TestMulti-tvOS";
				PRODUCT_NAME = "$(TARGET_NAME)";
				SDKROOT = appletvos;
				SWIFT_EMIT_LOC_STRINGS = YES;
				SWIFT_VERSION = 5.0;
				TARGETED_DEVICE_FAMILY = 3;
				TVOS_DEPLOYMENT_TARGET = 15.0;
				VALIDATE_PRODUCT = YES;
			};
			name = Release;
		};
		597F9B8A2714670300775F34 /* Debug */ = {
			isa = XCBuildConfiguration;
			buildSettings = {
				ALWAYS_EMBED_SWIFT_STANDARD_LIBRARIES = YES;
				BUNDLE_LOADER = "$(TEST_HOST)";
				CODE_SIGN_STYLE = Automatic;
				CURRENT_PROJECT_VERSION = 1;
				DEVELOPMENT_TEAM = 6RYAXR5TVD;
				GENERATE_INFOPLIST_FILE = YES;
				LD_RUNPATH_SEARCH_PATHS = (
					"$(inherited)",
					"@executable_path/Frameworks",
					"@loader_path/Frameworks",
				);
				MARKETING_VERSION = 1.0;
				PRODUCT_BUNDLE_IDENTIFIER = "OOH.TestMulti-tvOSTests";
				PRODUCT_NAME = "$(TARGET_NAME)";
				SDKROOT = appletvos;
				SWIFT_EMIT_LOC_STRINGS = NO;
				SWIFT_VERSION = 5.0;
				TARGETED_DEVICE_FAMILY = 3;
				TEST_HOST = "$(BUILT_PRODUCTS_DIR)/TestMulti_tvOS.app/TestMulti_tvOS";
				TVOS_DEPLOYMENT_TARGET = 15.0;
			};
			name = Debug;
		};
		597F9B8B2714670300775F34 /* Release */ = {
			isa = XCBuildConfiguration;
			buildSettings = {
				ALWAYS_EMBED_SWIFT_STANDARD_LIBRARIES = YES;
				BUNDLE_LOADER = "$(TEST_HOST)";
				CODE_SIGN_STYLE = Automatic;
				CURRENT_PROJECT_VERSION = 1;
				DEVELOPMENT_TEAM = 6RYAXR5TVD;
				GENERATE_INFOPLIST_FILE = YES;
				LD_RUNPATH_SEARCH_PATHS = (
					"$(inherited)",
					"@executable_path/Frameworks",
					"@loader_path/Frameworks",
				);
				MARKETING_VERSION = 1.0;
				PRODUCT_BUNDLE_IDENTIFIER = "OOH.TestMulti-tvOSTests";
				PRODUCT_NAME = "$(TARGET_NAME)";
				SDKROOT = appletvos;
				SWIFT_EMIT_LOC_STRINGS = NO;
				SWIFT_VERSION = 5.0;
				TARGETED_DEVICE_FAMILY = 3;
				TEST_HOST = "$(BUILT_PRODUCTS_DIR)/TestMulti_tvOS.app/TestMulti_tvOS";
				TVOS_DEPLOYMENT_TARGET = 15.0;
				VALIDATE_PRODUCT = YES;
			};
			name = Release;
		};
		597F9B8D2714670300775F34 /* Debug */ = {
			isa = XCBuildConfiguration;
			buildSettings = {
				ALWAYS_EMBED_SWIFT_STANDARD_LIBRARIES = YES;
				CODE_SIGN_STYLE = Automatic;
				CURRENT_PROJECT_VERSION = 1;
				DEVELOPMENT_TEAM = 6RYAXR5TVD;
				GENERATE_INFOPLIST_FILE = YES;
				LD_RUNPATH_SEARCH_PATHS = (
					"$(inherited)",
					"@executable_path/Frameworks",
					"@loader_path/Frameworks",
				);
				MARKETING_VERSION = 1.0;
				PRODUCT_BUNDLE_IDENTIFIER = "OOH.TestMulti-tvOSUITests";
				PRODUCT_NAME = "$(TARGET_NAME)";
				SDKROOT = appletvos;
				SWIFT_EMIT_LOC_STRINGS = NO;
				SWIFT_VERSION = 5.0;
				TARGETED_DEVICE_FAMILY = 3;
				TEST_TARGET_NAME = TestMulti_tvOS;
				TVOS_DEPLOYMENT_TARGET = 15.0;
			};
			name = Debug;
		};
		597F9B8E2714670300775F34 /* Release */ = {
			isa = XCBuildConfiguration;
			buildSettings = {
				ALWAYS_EMBED_SWIFT_STANDARD_LIBRARIES = YES;
				CODE_SIGN_STYLE = Automatic;
				CURRENT_PROJECT_VERSION = 1;
				DEVELOPMENT_TEAM = 6RYAXR5TVD;
				GENERATE_INFOPLIST_FILE = YES;
				LD_RUNPATH_SEARCH_PATHS = (
					"$(inherited)",
					"@executable_path/Frameworks",
					"@loader_path/Frameworks",
				);
				MARKETING_VERSION = 1.0;
				PRODUCT_BUNDLE_IDENTIFIER = "OOH.TestMulti-tvOSUITests";
				PRODUCT_NAME = "$(TARGET_NAME)";
				SDKROOT = appletvos;
				SWIFT_EMIT_LOC_STRINGS = NO;
				SWIFT_VERSION = 5.0;
				TARGETED_DEVICE_FAMILY = 3;
				TEST_TARGET_NAME = TestMulti_tvOS;
				TVOS_DEPLOYMENT_TARGET = 15.0;
				VALIDATE_PRODUCT = YES;
			};
			name = Release;
		};
/* End XCBuildConfiguration section */

/* Begin XCConfigurationList section */
		591CB0BA271D640000959E96 /* Build configuration list for PBXNativeTarget "WatchOS WatchKit Extension" */ = {
			isa = XCConfigurationList;
			buildConfigurations = (
				591CB0BB271D640000959E96 /* Debug */,
				591CB0BC271D640000959E96 /* Release */,
			);
			defaultConfigurationIsVisible = 0;
			defaultConfigurationName = Release;
		};
		591CB0BE271D640000959E96 /* Build configuration list for PBXNativeTarget "WatchOS" */ = {
			isa = XCConfigurationList;
			buildConfigurations = (
				591CB0BF271D640000959E96 /* Debug */,
				591CB0C0271D640000959E96 /* Release */,
			);
			defaultConfigurationIsVisible = 0;
			defaultConfigurationName = Release;
		};
		597F9B232714666200775F34 /* Build configuration list for PBXProject "TestMulti" */ = {
			isa = XCConfigurationList;
			buildConfigurations = (
				597F9B532714666500775F34 /* Debug */,
				597F9B542714666500775F34 /* Release */,
			);
			defaultConfigurationIsVisible = 0;
			defaultConfigurationName = Release;
		};
		597F9B552714666500775F34 /* Build configuration list for PBXNativeTarget "TestMulti (iOS)" */ = {
			isa = XCConfigurationList;
			buildConfigurations = (
				597F9B562714666500775F34 /* Debug */,
				597F9B572714666500775F34 /* Release */,
			);
			defaultConfigurationIsVisible = 0;
			defaultConfigurationName = Release;
		};
		597F9B582714666500775F34 /* Build configuration list for PBXNativeTarget "TestMulti (macOS)" */ = {
			isa = XCConfigurationList;
			buildConfigurations = (
				597F9B592714666500775F34 /* Debug */,
				597F9B5A2714666500775F34 /* Release */,
			);
			defaultConfigurationIsVisible = 0;
			defaultConfigurationName = Release;
		};
		597F9B5B2714666500775F34 /* Build configuration list for PBXNativeTarget "Tests iOS" */ = {
			isa = XCConfigurationList;
			buildConfigurations = (
				597F9B5C2714666500775F34 /* Debug */,
				597F9B5D2714666500775F34 /* Release */,
			);
			defaultConfigurationIsVisible = 0;
			defaultConfigurationName = Release;
		};
		597F9B5E2714666500775F34 /* Build configuration list for PBXNativeTarget "Tests macOS" */ = {
			isa = XCConfigurationList;
			buildConfigurations = (
				597F9B5F2714666500775F34 /* Debug */,
				597F9B602714666500775F34 /* Release */,
			);
			defaultConfigurationIsVisible = 0;
			defaultConfigurationName = Release;
		};
		597F9B862714670300775F34 /* Build configuration list for PBXNativeTarget "TestMulti_tvOS" */ = {
			isa = XCConfigurationList;
			buildConfigurations = (
				597F9B872714670300775F34 /* Debug */,
				597F9B882714670300775F34 /* Release */,
			);
			defaultConfigurationIsVisible = 0;
			defaultConfigurationName = Release;
		};
		597F9B892714670300775F34 /* Build configuration list for PBXNativeTarget "TestMulti_tvOSTests" */ = {
			isa = XCConfigurationList;
			buildConfigurations = (
				597F9B8A2714670300775F34 /* Debug */,
				597F9B8B2714670300775F34 /* Release */,
			);
			defaultConfigurationIsVisible = 0;
			defaultConfigurationName = Release;
		};
		597F9B8C2714670300775F34 /* Build configuration list for PBXNativeTarget "TestMulti_tvOSUITests" */ = {
			isa = XCConfigurationList;
			buildConfigurations = (
				597F9B8D2714670300775F34 /* Debug */,
				597F9B8E2714670300775F34 /* Release */,
			);
			defaultConfigurationIsVisible = 0;
			defaultConfigurationName = Release;
		};
/* End XCConfigurationList section */
	};
	rootObject = 597F9B202714666200775F34 /* Project object */;
}
